
Microsoft Visual Studio Solution File, Format Version 12.00
# Visual Studio Version 16
VisualStudioVersion = 16.0.29519.87
MinimumVisualStudioVersion = 10.0.40219.1
Project("{FAE04EC0-301F-11D3-BF4B-00C04F79EFBC}") = "DotNETGalaxyView", "DotNETGalaxyView\DotNETGalaxyView.csproj", "{2BDDF327-341F-4371-B011-E664DD4884BF}"
EndProject
Global
	GlobalSection(SolutionConfigurationPlatforms) = preSolution
		Debug|Any CPU = Debug|Any CPU
		Release|Any CPU = Release|Any CPU
	EndGlobalSection
	GlobalSection(ProjectConfigurationPlatforms) = postSolution
		{2BDDF327-341F-4371-B011-E664DD4884BF}.Debug|Any CPU.ActiveCfg = Debug|Any CPU
		{2BDDF327-341F-4371-B011-E664DD4884BF}.Debug|Any CPU.Build.0 = Debug|Any CPU
		{2BDDF327-341F-4371-B011-E664DD4884BF}.Release|Any CPU.ActiveCfg = Release|Any CPU
		{2BDDF327-341F-4371-B011-E664DD4884BF}.Release|Any CPU.Build.0 = Release|Any CPU
	EndGlobalSection
	GlobalSection(SolutionProperties) = preSolution
		HideSolutionNode = FALSE
	EndGlobalSection
	GlobalSection(ExtensibilityGlobals) = postSolution
		SolutionGuid = {FDC2F898-E706-473A-9D47-02F12BE8666A}
	EndGlobalSection
EndGlobal
